
Microsoft Visual Studio Solution File, Format Version 12.00
# Visual Studio Version 16
VisualStudioVersion = 16.0.31005.135
MinimumVisualStudioVersion = 10.0.40219.1
Project("{9A19103F-16F7-4668-BE54-9A1E7A4F7556}") = "PCRAutoTimeline", "PCRAutoTimeline\PCRAutoTimeline.csproj", "{3A84AE4D-3491-4803-943B-2F91924D1EA8}"
EndProject
Project("{2150E333-8FDC-42A3-9474-1A3956D46DE8}") = "Solution Items", "Solution Items", "{679D6AB0-E4D7-496F-A690-52941B848E3D}"
	ProjectSection(SolutionItems) = preProject
		.editorconfig = .editorconfig
		README.md = README.md
	EndProjectSection
EndProject
Project("{FAE04EC0-301F-11D3-BF4B-00C04F79EFBC}") = "CalcImport", "CalcImport\CalcImport.csproj", "{59CA9EF1-3DAF-42AD-91B2-3F378120FF6C}"
EndProject
Project("{9A19103F-16F7-4668-BE54-9A1E7A4F7556}") = "Log2Timeline", "Log2Timeline\Log2Timeline.csproj", "{3A8DE88F-E365-4F16-B8EF-0A46F1049167}"
EndProject
Project("{9A19103F-16F7-4668-BE54-9A1E7A4F7556}") = "TimelineHelper", "TimelineHelper\TimelineHelper.csproj", "{C8FB6399-B408-45F8-9FE2-AC03CD3316B1}"
EndProject
Project("{FAE04EC0-301F-11D3-BF4B-00C04F79EFBC}") = "PluginLoader", "PluginLoader\PluginLoader.csproj", "{FA48E9E5-95A8-46C2-926F-AE89DA994E45}"
EndProject
Project("{FAE04EC0-301F-11D3-BF4B-00C04F79EFBC}") = "BattleLogExport", "BattleLogExport\BattleLogExport.csproj", "{65D34738-F812-453B-AEA5-0227AF5CDC98}"
EndProject
Project("{FAE04EC0-301F-11D3-BF4B-00C04F79EFBC}") = "DBPatcher", "DBPatcher\DBPatcher.csproj", "{39C1ED38-7631-424B-9390-A876C1BFA450}"
EndProject
Project("{FAE04EC0-301F-11D3-BF4B-00C04F79EFBC}") = "ResourceLoadLogger", "ResourceLoadLogger\ResourceLoadLogger.csproj", "{6CD866A6-238B-4830-9147-F3AE97C4A814}"
EndProject
Project("{FAE04EC0-301F-11D3-BF4B-00C04F79EFBC}") = "ResourceLoader", "ResourceLoader\ResourceLoader.csproj", "{3531BFFD-9876-4CA0-95A6-BFB64A693B1C}"
EndProject
Project("{9A19103F-16F7-4668-BE54-9A1E7A4F7556}") = "PlatformPatcher", "PlatformPatcher\PlatformPatcher.csproj", "{93E034D5-F5B8-4FA2-AC97-3EA9DAB0702C}"
EndProject
Project("{FAE04EC0-301F-11D3-BF4B-00C04F79EFBC}") = "LogUploader", "LogUploader\LogUploader.csproj", "{4C9634FB-8CFF-4C3D-85CF-2F58DA87E32E}"
EndProject
Project("{FAE04EC0-301F-11D3-BF4B-00C04F79EFBC}") = "DbSync", "DbSync\DbSync.csproj", "{C64AD5BE-55CB-4536-8B03-54CA53E7B9F9}"
EndProject
Global
	GlobalSection(SolutionConfigurationPlatforms) = preSolution
		Debug|Any CPU = Debug|Any CPU
		Debug|x86 = Debug|x86
		Release|Any CPU = Release|Any CPU
		Release|x86 = Release|x86
	EndGlobalSection
	GlobalSection(ProjectConfigurationPlatforms) = postSolution
		{3A84AE4D-3491-4803-943B-2F91924D1EA8}.Debug|Any CPU.ActiveCfg = Debug|Any CPU
		{3A84AE4D-3491-4803-943B-2F91924D1EA8}.Debug|Any CPU.Build.0 = Debug|Any CPU
		{3A84AE4D-3491-4803-943B-2F91924D1EA8}.Debug|x86.ActiveCfg = Debug|x86
		{3A84AE4D-3491-4803-943B-2F91924D1EA8}.Debug|x86.Build.0 = Debug|x86
		{3A84AE4D-3491-4803-943B-2F91924D1EA8}.Release|Any CPU.ActiveCfg = Release|Any CPU
		{3A84AE4D-3491-4803-943B-2F91924D1EA8}.Release|Any CPU.Build.0 = Release|Any CPU
		{3A84AE4D-3491-4803-943B-2F91924D1EA8}.Release|x86.ActiveCfg = Release|x86
		{3A84AE4D-3491-4803-943B-2F91924D1EA8}.Release|x86.Build.0 = Release|x86
		{59CA9EF1-3DAF-42AD-91B2-3F378120FF6C}.Debug|Any CPU.ActiveCfg = Debug|Any CPU
		{59CA9EF1-3DAF-42AD-91B2-3F378120FF6C}.Debug|Any CPU.Build.0 = Debug|Any CPU
		{59CA9EF1-3DAF-42AD-91B2-3F378120FF6C}.Debug|x86.ActiveCfg = Debug|Any CPU
		{59CA9EF1-3DAF-42AD-91B2-3F378120FF6C}.Debug|x86.Build.0 = Debug|Any CPU
		{59CA9EF1-3DAF-42AD-91B2-3F378120FF6C}.Release|Any CPU.ActiveCfg = Release|Any CPU
		{59CA9EF1-3DAF-42AD-91B2-3F378120FF6C}.Release|Any CPU.Build.0 = Release|Any CPU
		{59CA9EF1-3DAF-42AD-91B2-3F378120FF6C}.Release|x86.ActiveCfg = Release|Any CPU
		{59CA9EF1-3DAF-42AD-91B2-3F378120FF6C}.Release|x86.Build.0 = Release|Any CPU
		{3A8DE88F-E365-4F16-B8EF-0A46F1049167}.Debug|Any CPU.ActiveCfg = Debug|Any CPU
		{3A8DE88F-E365-4F16-B8EF-0A46F1049167}.Debug|Any CPU.Build.0 = Debug|Any CPU
		{3A8DE88F-E365-4F16-B8EF-0A46F1049167}.Debug|x86.ActiveCfg = Debug|Any CPU
		{3A8DE88F-E365-4F16-B8EF-0A46F1049167}.Debug|x86.Build.0 = Debug|Any CPU
		{3A8DE88F-E365-4F16-B8EF-0A46F1049167}.Release|Any CPU.ActiveCfg = Release|Any CPU
		{3A8DE88F-E365-4F16-B8EF-0A46F1049167}.Release|Any CPU.Build.0 = Release|Any CPU
		{3A8DE88F-E365-4F16-B8EF-0A46F1049167}.Release|x86.ActiveCfg = Release|Any CPU
		{3A8DE88F-E365-4F16-B8EF-0A46F1049167}.Release|x86.Build.0 = Release|Any CPU
		{C8FB6399-B408-45F8-9FE2-AC03CD3316B1}.Debug|Any CPU.ActiveCfg = Debug|Any CPU
		{C8FB6399-B408-45F8-9FE2-AC03CD3316B1}.Debug|Any CPU.Build.0 = Debug|Any CPU
		{C8FB6399-B408-45F8-9FE2-AC03CD3316B1}.Debug|x86.ActiveCfg = Debug|Any CPU
		{C8FB6399-B408-45F8-9FE2-AC03CD3316B1}.Debug|x86.Build.0 = Debug|Any CPU
		{C8FB6399-B408-45F8-9FE2-AC03CD3316B1}.Release|Any CPU.ActiveCfg = Release|Any CPU
		{C8FB6399-B408-45F8-9FE2-AC03CD3316B1}.Release|Any CPU.Build.0 = Release|Any CPU
		{C8FB6399-B408-45F8-9FE2-AC03CD3316B1}.Release|x86.ActiveCfg = Release|Any CPU
		{C8FB6399-B408-45F8-9FE2-AC03CD3316B1}.Release|x86.Build.0 = Release|Any CPU
		{FA48E9E5-95A8-46C2-926F-AE89DA994E45}.Debug|Any CPU.ActiveCfg = Debug|Any CPU
		{FA48E9E5-95A8-46C2-926F-AE89DA994E45}.Debug|Any CPU.Build.0 = Debug|Any CPU
		{FA48E9E5-95A8-46C2-926F-AE89DA994E45}.Debug|x86.ActiveCfg = Debug|Any CPU
		{FA48E9E5-95A8-46C2-926F-AE89DA994E45}.Debug|x86.Build.0 = Debug|Any CPU
		{FA48E9E5-95A8-46C2-926F-AE89DA994E45}.Release|Any CPU.ActiveCfg = Release|Any CPU
		{FA48E9E5-95A8-46C2-926F-AE89DA994E45}.Release|Any CPU.Build.0 = Release|Any CPU
		{FA48E9E5-95A8-46C2-926F-AE89DA994E45}.Release|x86.ActiveCfg = Release|Any CPU
		{FA48E9E5-95A8-46C2-926F-AE89DA994E45}.Release|x86.Build.0 = Release|Any CPU
		{65D34738-F812-453B-AEA5-0227AF5CDC98}.Debug|Any CPU.ActiveCfg = Debug|Any CPU
		{65D34738-F812-453B-AEA5-0227AF5CDC98}.Debug|Any CPU.Build.0 = Debug|Any CPU
		{65D34738-F812-453B-AEA5-0227AF5CDC98}.Debug|x86.ActiveCfg = Debug|Any CPU
		{65D34738-F812-453B-AEA5-0227AF5CDC98}.Debug|x86.Build.0 = Debug|Any CPU
		{65D34738-F812-453B-AEA5-0227AF5CDC98}.Release|Any CPU.ActiveCfg = Release|Any CPU
		{65D34738-F812-453B-AEA5-0227AF5CDC98}.Release|Any CPU.Build.0 = Release|Any CPU
		{65D34738-F812-453B-AEA5-0227AF5CDC98}.Release|x86.ActiveCfg = Release|Any CPU
		{65D34738-F812-453B-AEA5-0227AF5CDC98}.Release|x86.Build.0 = Release|Any CPU
		{39C1ED38-7631-424B-9390-A876C1BFA450}.Debug|Any CPU.ActiveCfg = Debug|Any CPU
		{39C1ED38-7631-424B-9390-A876C1BFA450}.Debug|Any CPU.Build.0 = Debug|Any CPU
		{39C1ED38-7631-424B-9390-A876C1BFA450}.Debug|x86.ActiveCfg = Debug|Any CPU
		{39C1ED38-7631-424B-9390-A876C1BFA450}.Debug|x86.Build.0 = Debug|Any CPU
		{39C1ED38-7631-424B-9390-A876C1BFA450}.Release|Any CPU.ActiveCfg = Release|Any CPU
		{39C1ED38-7631-424B-9390-A876C1BFA450}.Release|Any CPU.Build.0 = Release|Any CPU
		{39C1ED38-7631-424B-9390-A876C1BFA450}.Release|x86.ActiveCfg = Release|Any CPU
		{39C1ED38-7631-424B-9390-A876C1BFA450}.Release|x86.Build.0 = Release|Any CPU
		{6CD866A6-238B-4830-9147-F3AE97C4A814}.Debug|Any CPU.ActiveCfg = Debug|Any CPU
		{6CD866A6-238B-4830-9147-F3AE97C4A814}.Debug|Any CPU.Build.0 = Debug|Any CPU
		{6CD866A6-238B-4830-9147-F3AE97C4A814}.Debug|x86.ActiveCfg = Debug|Any CPU
		{6CD866A6-238B-4830-9147-F3AE97C4A814}.Debug|x86.Build.0 = Debug|Any CPU
		{6CD866A6-238B-4830-9147-F3AE97C4A814}.Release|Any CPU.ActiveCfg = Release|Any CPU
		{6CD866A6-238B-4830-9147-F3AE97C4A814}.Release|Any CPU.Build.0 = Release|Any CPU
		{6CD866A6-238B-4830-9147-F3AE97C4A814}.Release|x86.ActiveCfg = Release|Any CPU
		{6CD866A6-238B-4830-9147-F3AE97C4A814}.Release|x86.Build.0 = Release|Any CPU
		{3531BFFD-9876-4CA0-95A6-BFB64A693B1C}.Debug|Any CPU.ActiveCfg = Debug|Any CPU
		{3531BFFD-9876-4CA0-95A6-BFB64A693B1C}.Debug|Any CPU.Build.0 = Debug|Any CPU
		{3531BFFD-9876-4CA0-95A6-BFB64A693B1C}.Debug|x86.ActiveCfg = Debug|Any CPU
		{3531BFFD-9876-4CA0-95A6-BFB64A693B1C}.Debug|x86.Build.0 = Debug|Any CPU
		{3531BFFD-9876-4CA0-95A6-BFB64A693B1C}.Release|Any CPU.ActiveCfg = Release|Any CPU
		{3531BFFD-9876-4CA0-95A6-BFB64A693B1C}.Release|Any CPU.Build.0 = Release|Any CPU
		{3531BFFD-9876-4CA0-95A6-BFB64A693B1C}.Release|x86.ActiveCfg = Release|Any CPU
		{3531BFFD-9876-4CA0-95A6-BFB64A693B1C}.Release|x86.Build.0 = Release|Any CPU
		{93E034D5-F5B8-4FA2-AC97-3EA9DAB0702C}.Debug|Any CPU.ActiveCfg = Debug|Any CPU
		{93E034D5-F5B8-4FA2-AC97-3EA9DAB0702C}.Debug|Any CPU.Build.0 = Debug|Any CPU
		{93E034D5-F5B8-4FA2-AC97-3EA9DAB0702C}.Debug|x86.ActiveCfg = Debug|Any CPU
		{93E034D5-F5B8-4FA2-AC97-3EA9DAB0702C}.Debug|x86.Build.0 = Debug|Any CPU
		{93E034D5-F5B8-4FA2-AC97-3EA9DAB0702C}.Release|Any CPU.ActiveCfg = Release|Any CPU
		{93E034D5-F5B8-4FA2-AC97-3EA9DAB0702C}.Release|Any CPU.Build.0 = Release|Any CPU
		{93E034D5-F5B8-4FA2-AC97-3EA9DAB0702C}.Release|x86.ActiveCfg = Release|Any CPU
		{93E034D5-F5B8-4FA2-AC97-3EA9DAB0702C}.Release|x86.Build.0 = Release|Any CPU
		{4C9634FB-8CFF-4C3D-85CF-2F58DA87E32E}.Debug|Any CPU.ActiveCfg = Debug|Any CPU
		{4C9634FB-8CFF-4C3D-85CF-2F58DA87E32E}.Debug|Any CPU.Build.0 = Debug|Any CPU
		{4C9634FB-8CFF-4C3D-85CF-2F58DA87E32E}.Debug|x86.ActiveCfg = Debug|Any CPU
		{4C9634FB-8CFF-4C3D-85CF-2F58DA87E32E}.Debug|x86.Build.0 = Debug|Any CPU
		{4C9634FB-8CFF-4C3D-85CF-2F58DA87E32E}.Release|Any CPU.ActiveCfg = Release|Any CPU
		{4C9634FB-8CFF-4C3D-85CF-2F58DA87E32E}.Release|Any CPU.Build.0 = Release|Any CPU
		{4C9634FB-8CFF-4C3D-85CF-2F58DA87E32E}.Release|x86.ActiveCfg = Release|Any CPU
		{4C9634FB-8CFF-4C3D-85CF-2F58DA87E32E}.Release|x86.Build.0 = Release|Any CPU
		{C64AD5BE-55CB-4536-8B03-54CA53E7B9F9}.Debug|Any CPU.ActiveCfg = Debug|Any CPU
		{C64AD5BE-55CB-4536-8B03-54CA53E7B9F9}.Debug|Any CPU.Build.0 = Debug|Any CPU
		{C64AD5BE-55CB-4536-8B03-54CA53E7B9F9}.Debug|x86.ActiveCfg = Debug|Any CPU
		{C64AD5BE-55CB-4536-8B03-54CA53E7B9F9}.Debug|x86.Build.0 = Debug|Any CPU
		{C64AD5BE-55CB-4536-8B03-54CA53E7B9F9}.Release|Any CPU.ActiveCfg = Release|Any CPU
		{C64AD5BE-55CB-4536-8B03-54CA53E7B9F9}.Release|Any CPU.Build.0 = Release|Any CPU
		{C64AD5BE-55CB-4536-8B03-54CA53E7B9F9}.Release|x86.ActiveCfg = Release|Any CPU
		{C64AD5BE-55CB-4536-8B03-54CA53E7B9F9}.Release|x86.Build.0 = Release|Any CPU
	EndGlobalSection
	GlobalSection(SolutionProperties) = preSolution
		HideSolutionNode = FALSE
	EndGlobalSection
	GlobalSection(ExtensibilityGlobals) = postSolution
		SolutionGuid = {A53E0B0B-84E9-4104-9345-B65056618553}
	EndGlobalSection
EndGlobal
